
Microsoft Visual Studio Solution File, Format Version 12.00
# Visual Studio Version 17
VisualStudioVersion = 17.4.33110.190
MinimumVisualStudioVersion = 10.0.40219.1
Project("{FAE04EC0-301F-11D3-BF4B-00C04F79EFBC}") = "Proiect_Final", "Proiect_Final.csproj", "{52F9E2A1-D0E7-4C73-B7DE-7459057FF078}"
EndProject
Global
	GlobalSection(SolutionConfigurationPlatforms) = preSolution
		Debug|Any CPU = Debug|Any CPU
		Release|Any CPU = Release|Any CPU
	EndGlobalSection
	GlobalSection(ProjectConfigurationPlatforms) = postSolution
		{52F9E2A1-D0E7-4C73-B7DE-7459057FF078}.Debug|Any CPU.ActiveCfg = Debug|Any CPU
		{52F9E2A1-D0E7-4C73-B7DE-7459057FF078}.Debug|Any CPU.Build.0 = Debug|Any CPU
		{52F9E2A1-D0E7-4C73-B7DE-7459057FF078}.Release|Any CPU.ActiveCfg = Release|Any CPU
		{52F9E2A1-D0E7-4C73-B7DE-7459057FF078}.Release|Any CPU.Build.0 = Release|Any CPU
	EndGlobalSection
	GlobalSection(SolutionProperties) = preSolution
		HideSolutionNode = FALSE
	EndGlobalSection
	GlobalSection(ExtensibilityGlobals) = postSolution
		SolutionGuid = {D5E894B1-7E66-4FB8-BF8D-1EE86FA538EF}
	EndGlobalSection
EndGlobal
